// !$*UTF8*$!
{
	archiveVersion = 1;
	classes = {
	};
	objectVersion = 46;
	objects = {

/* Begin PBXBuildFile section */
		57B2497B1844BCF600F88D41 /* Foundation.framework in Frameworks */ = {isa = PBXBuildFile; fileRef = 57B2497A1844BCF600F88D41 /* Foundation.framework */; };
		57B2497D1844BCF600F88D41 /* CoreGraphics.framework in Frameworks */ = {isa = PBXBuildFile; fileRef = 57B2497C1844BCF600F88D41 /* CoreGraphics.framework */; };
		57B2497F1844BCF600F88D41 /* UIKit.framework in Frameworks */ = {isa = PBXBuildFile; fileRef = 57B2497E1844BCF600F88D41 /* UIKit.framework */; };
		57B249811844BCF600F88D41 /* CoreData.framework in Frameworks */ = {isa = PBXBuildFile; fileRef = 57B249801844BCF600F88D41 /* CoreData.framework */; };
		57B249871844BCF600F88D41 /* InfoPlist.strings in Resources */ = {isa = PBXBuildFile; fileRef = 57B249851844BCF600F88D41 /* InfoPlist.strings */; };
		57B249891844BCF600F88D41 /* main.m in Sources */ = {isa = PBXBuildFile; fileRef = 57B249881844BCF600F88D41 /* main.m */; };
		57B2498D1844BCF600F88D41 /* TWAppDelegate.m in Sources */ = {isa = PBXBuildFile; fileRef = 57B2498C1844BCF600F88D41 /* TWAppDelegate.m */; };
		57B249901844BCF600F88D41 /* Thousand_Words.xcdatamodeld in Sources */ = {isa = PBXBuildFile; fileRef = 57B2498E1844BCF600F88D41 /* Thousand_Words.xcdatamodeld */; };
		57B249921844BCF600F88D41 /* Images.xcassets in Resources */ = {isa = PBXBuildFile; fileRef = 57B249911844BCF600F88D41 /* Images.xcassets */; };
		57B249991844BCF700F88D41 /* XCTest.framework in Frameworks */ = {isa = PBXBuildFile; fileRef = 57B249981844BCF700F88D41 /* XCTest.framework */; };
		57B2499A1844BCF700F88D41 /* Foundation.framework in Frameworks */ = {isa = PBXBuildFile; fileRef = 57B2497A1844BCF600F88D41 /* Foundation.framework */; };
		57B2499B1844BCF700F88D41 /* UIKit.framework in Frameworks */ = {isa = PBXBuildFile; fileRef = 57B2497E1844BCF600F88D41 /* UIKit.framework */; };
		57B2499C1844BCF700F88D41 /* CoreData.framework in Frameworks */ = {isa = PBXBuildFile; fileRef = 57B249801844BCF600F88D41 /* CoreData.framework */; };
		57B249A41844BCF700F88D41 /* InfoPlist.strings in Resources */ = {isa = PBXBuildFile; fileRef = 57B249A21844BCF700F88D41 /* InfoPlist.strings */; };
		57B249A61844BCF700F88D41 /* Thousand_WordsTests.m in Sources */ = {isa = PBXBuildFile; fileRef = 57B249A51844BCF700F88D41 /* Thousand_WordsTests.m */; };
		57B249B5184763AF00F88D41 /* iPhoneStoryboard.storyboard in Resources */ = {isa = PBXBuildFile; fileRef = 57B249B4184763AF00F88D41 /* iPhoneStoryboard.storyboard */; };
		57B249B81847647900F88D41 /* TWAlbumTableViewController.m in Sources */ = {isa = PBXBuildFile; fileRef = 57B249B71847647900F88D41 /* TWAlbumTableViewController.m */; };
		57B249BF18490A6200F88D41 /* TWCoreDataHelper.m in Sources */ = {isa = PBXBuildFile; fileRef = 57B249BE18490A6200F88D41 /* TWCoreDataHelper.m */; };
		57B249C21849552000F88D41 /* TWPhotosCollectionViewController.m in Sources */ = {isa = PBXBuildFile; fileRef = 57B249C11849552000F88D41 /* TWPhotosCollectionViewController.m */; };
		57B249C5184959A900F88D41 /* TWPhotoCollectionViewCell.m in Sources */ = {isa = PBXBuildFile; fileRef = 57B249C4184959A900F88D41 /* TWPhotoCollectionViewCell.m */; };
		57B249C718495B7500F88D41 /* Astronaut.jpg in Resources */ = {isa = PBXBuildFile; fileRef = 57B249C618495B7500F88D41 /* Astronaut.jpg */; };
		57B249D0184A147000F88D41 /* Album.m in Sources */ = {isa = PBXBuildFile; fileRef = 57B249CF184A147000F88D41 /* Album.m */; };
		57B249D3184A147000F88D41 /* Photo.m in Sources */ = {isa = PBXBuildFile; fileRef = 57B249D2184A147000F88D41 /* Photo.m */; };
		57B249D6184A163B00F88D41 /* TWPictureDataTransformer.m in Sources */ = {isa = PBXBuildFile; fileRef = 57B249D5184A163B00F88D41 /* TWPictureDataTransformer.m */; };
		57B249D9184A792F00F88D41 /* TWPhotoDetailViewController.m in Sources */ = {isa = PBXBuildFile; fileRef = 57B249D8184A792F00F88D41 /* TWPhotoDetailViewController.m */; };
		57B249DC184AB23300F88D41 /* TWFiltersCollectionViewController.m in Sources */ = {isa = PBXBuildFile; fileRef = 57B249DB184AB23300F88D41 /* TWFiltersCollectionViewController.m */; };
/* End PBXBuildFile section */

/* Begin PBXContainerItemProxy section */
		57B2499D1844BCF700F88D41 /* PBXContainerItemProxy */ = {
			isa = PBXContainerItemProxy;
			containerPortal = 57B2496F1844BCF600F88D41 /* Project object */;
			proxyType = 1;
			remoteGlobalIDString = 57B249761844BCF600F88D41;
			remoteInfo = "Thousand Words";
		};
/* End PBXContainerItemProxy section */

/* Begin PBXFileReference section */
		57B249771844BCF600F88D41 /* Thousand Words.app */ = {isa = PBXFileReference; explicitFileType = wrapper.application; includeInIndex = 0; path = "Thousand Words.app"; sourceTree = BUILT_PRODUCTS_DIR; };
		57B2497A1844BCF600F88D41 /* Foundation.framework */ = {isa = PBXFileReference; lastKnownFileType = wrapper.framework; name = Foundation.framework; path = System/Library/Frameworks/Foundation.framework; sourceTree = SDKROOT; };
		57B2497C1844BCF600F88D41 /* CoreGraphics.framework */ = {isa = PBXFileReference; lastKnownFileType = wrapper.framework; name = CoreGraphics.framework; path = System/Library/Frameworks/CoreGraphics.framework; sourceTree = SDKROOT; };
		57B2497E1844BCF600F88D41 /* UIKit.framework */ = {isa = PBXFileReference; lastKnownFileType = wrapper.framework; name = UIKit.framework; path = System/Library/Frameworks/UIKit.framework; sourceTree = SDKROOT; };
		57B249801844BCF600F88D41 /* CoreData.framework */ = {isa = PBXFileReference; lastKnownFileType = wrapper.framework; name = CoreData.framework; path = System/Library/Frameworks/CoreData.framework; sourceTree = SDKROOT; };
		57B249841844BCF600F88D41 /* Thousand Words-Info.plist */ = {isa = PBXFileReference; lastKnownFileType = text.plist.xml; path = "Thousand Words-Info.plist"; sourceTree = "<group>"; };
		57B249861844BCF600F88D41 /* en */ = {isa = PBXFileReference; lastKnownFileType = text.plist.strings; name = en; path = en.lproj/InfoPlist.strings; sourceTree = "<group>"; };
		57B249881844BCF600F88D41 /* main.m */ = {isa = PBXFileReference; lastKnownFileType = sourcecode.c.objc; path = main.m; sourceTree = "<group>"; };
		57B2498A1844BCF600F88D41 /* Thousand Words-Prefix.pch */ = {isa = PBXFileReference; lastKnownFileType = sourcecode.c.h; path = "Thousand Words-Prefix.pch"; sourceTree = "<group>"; };
		57B2498B1844BCF600F88D41 /* TWAppDelegate.h */ = {isa = PBXFileReference; lastKnownFileType = sourcecode.c.h; path = TWAppDelegate.h; sourceTree = "<group>"; };
		57B2498C1844BCF600F88D41 /* TWAppDelegate.m */ = {isa = PBXFileReference; lastKnownFileType = sourcecode.c.objc; path = TWAppDelegate.m; sourceTree = "<group>"; };
		57B2498F1844BCF600F88D41 /* Thousand_Words.xcdatamodel */ = {isa = PBXFileReference; lastKnownFileType = wrapper.xcdatamodel; path = Thousand_Words.xcdatamodel; sourceTree = "<group>"; };
		57B249911844BCF600F88D41 /* Images.xcassets */ = {isa = PBXFileReference; lastKnownFileType = folder.assetcatalog; path = Images.xcassets; sourceTree = "<group>"; };
		57B249971844BCF700F88D41 /* Thousand WordsTests.xctest */ = {isa = PBXFileReference; explicitFileType = wrapper.cfbundle; includeInIndex = 0; path = "Thousand WordsTests.xctest"; sourceTree = BUILT_PRODUCTS_DIR; };
		57B249981844BCF700F88D41 /* XCTest.framework */ = {isa = PBXFileReference; lastKnownFileType = wrapper.framework; name = XCTest.framework; path = Library/Frameworks/XCTest.framework; sourceTree = DEVELOPER_DIR; };
		57B249A11844BCF700F88D41 /* Thousand WordsTests-Info.plist */ = {isa = PBXFileReference; lastKnownFileType = text.plist.xml; path = "Thousand WordsTests-Info.plist"; sourceTree = "<group>"; };
		57B249A31844BCF700F88D41 /* en */ = {isa = PBXFileReference; lastKnownFileType = text.plist.strings; name = en; path = en.lproj/InfoPlist.strings; sourceTree = "<group>"; };
		57B249A51844BCF700F88D41 /* Thousand_WordsTests.m */ = {isa = PBXFileReference; lastKnownFileType = sourcecode.c.objc; path = Thousand_WordsTests.m; sourceTree = "<group>"; };
		57B249B4184763AF00F88D41 /* iPhoneStoryboard.storyboard */ = {isa = PBXFileReference; fileEncoding = 4; lastKnownFileType = file.storyboard; name = iPhoneStoryboard.storyboard; path = ../iPhoneStoryboard.storyboard; sourceTree = "<group>"; };
		57B249B61847647900F88D41 /* TWAlbumTableViewController.h */ = {isa = PBXFileReference; fileEncoding = 4; lastKnownFileType = sourcecode.c.h; path = TWAlbumTableViewController.h; sourceTree = "<group>"; };
		57B249B71847647900F88D41 /* TWAlbumTableViewController.m */ = {isa = PBXFileReference; fileEncoding = 4; lastKnownFileType = sourcecode.c.objc; path = TWAlbumTableViewController.m; sourceTree = "<group>"; };
		57B249BD18490A6200F88D41 /* TWCoreDataHelper.h */ = {isa = PBXFileReference; fileEncoding = 4; lastKnownFileType = sourcecode.c.h; path = TWCoreDataHelper.h; sourceTree = "<group>"; };
		57B249BE18490A6200F88D41 /* TWCoreDataHelper.m */ = {isa = PBXFileReference; fileEncoding = 4; lastKnownFileType = sourcecode.c.objc; path = TWCoreDataHelper.m; sourceTree = "<group>"; };
		57B249C01849552000F88D41 /* TWPhotosCollectionViewController.h */ = {isa = PBXFileReference; fileEncoding = 4; lastKnownFileType = sourcecode.c.h; path = TWPhotosCollectionViewController.h; sourceTree = "<group>"; };
		57B249C11849552000F88D41 /* TWPhotosCollectionViewController.m */ = {isa = PBXFileReference; fileEncoding = 4; lastKnownFileType = sourcecode.c.objc; path = TWPhotosCollectionViewController.m; sourceTree = "<group>"; };
		57B249C3184959A900F88D41 /* TWPhotoCollectionViewCell.h */ = {isa = PBXFileReference; fileEncoding = 4; lastKnownFileType = sourcecode.c.h; path = TWPhotoCollectionViewCell.h; sourceTree = "<group>"; };
		57B249C4184959A900F88D41 /* TWPhotoCollectionViewCell.m */ = {isa = PBXFileReference; fileEncoding = 4; lastKnownFileType = sourcecode.c.objc; path = TWPhotoCollectionViewCell.m; sourceTree = "<group>"; };
		57B249C618495B7500F88D41 /* Astronaut.jpg */ = {isa = PBXFileReference; lastKnownFileType = image.jpeg; path = Astronaut.jpg; sourceTree = "<group>"; };
		57B249CE184A147000F88D41 /* Album.h */ = {isa = PBXFileReference; fileEncoding = 4; lastKnownFileType = sourcecode.c.h; path = Album.h; sourceTree = "<group>"; };
		57B249CF184A147000F88D41 /* Album.m */ = {isa = PBXFileReference; fileEncoding = 4; lastKnownFileType = sourcecode.c.objc; path = Album.m; sourceTree = "<group>"; };
		57B249D1184A147000F88D41 /* Photo.h */ = {isa = PBXFileReference; fileEncoding = 4; lastKnownFileType = sourcecode.c.h; path = Photo.h; sourceTree = "<group>"; };
		57B249D2184A147000F88D41 /* Photo.m */ = {isa = PBXFileReference; fileEncoding = 4; lastKnownFileType = sourcecode.c.objc; path = Photo.m; sourceTree = "<group>"; };
		57B249D4184A163B00F88D41 /* TWPictureDataTransformer.h */ = {isa = PBXFileReference; fileEncoding = 4; lastKnownFileType = sourcecode.c.h; path = TWPictureDataTransformer.h; sourceTree = "<group>"; };
		57B249D5184A163B00F88D41 /* TWPictureDataTransformer.m */ = {isa = PBXFileReference; fileEncoding = 4; lastKnownFileType = sourcecode.c.objc; path = TWPictureDataTransformer.m; sourceTree = "<group>"; };
		57B249D7184A792F00F88D41 /* TWPhotoDetailViewController.h */ = {isa = PBXFileReference; fileEncoding = 4; lastKnownFileType = sourcecode.c.h; path = TWPhotoDetailViewController.h; sourceTree = "<group>"; };
		57B249D8184A792F00F88D41 /* TWPhotoDetailViewController.m */ = {isa = PBXFileReference; fileEncoding = 4; lastKnownFileType = sourcecode.c.objc; path = TWPhotoDetailViewController.m; sourceTree = "<group>"; };
		57B249DA184AB23300F88D41 /* TWFiltersCollectionViewController.h */ = {isa = PBXFileReference; fileEncoding = 4; lastKnownFileType = sourcecode.c.h; path = TWFiltersCollectionViewController.h; sourceTree = "<group>"; };
		57B249DB184AB23300F88D41 /* TWFiltersCollectionViewController.m */ = {isa = PBXFileReference; fileEncoding = 4; lastKnownFileType = sourcecode.c.objc; path = TWFiltersCollectionViewController.m; sourceTree = "<group>"; };
/* End PBXFileReference section */

/* Begin PBXFrameworksBuildPhase section */
		57B249741844BCF600F88D41 /* Frameworks */ = {
			isa = PBXFrameworksBuildPhase;
			buildActionMask = 2147483647;
			files = (
				57B2497D1844BCF600F88D41 /* CoreGraphics.framework in Frameworks */,
				57B249811844BCF600F88D41 /* CoreData.framework in Frameworks */,
				57B2497F1844BCF600F88D41 /* UIKit.framework in Frameworks */,
				57B2497B1844BCF600F88D41 /* Foundation.framework in Frameworks */,
			);
			runOnlyForDeploymentPostprocessing = 0;
		};
		57B249941844BCF700F88D41 /* Frameworks */ = {
			isa = PBXFrameworksBuildPhase;
			buildActionMask = 2147483647;
			files = (
				57B249991844BCF700F88D41 /* XCTest.framework in Frameworks */,
				57B2499C1844BCF700F88D41 /* CoreData.framework in Frameworks */,
				57B2499B1844BCF700F88D41 /* UIKit.framework in Frameworks */,
				57B2499A1844BCF700F88D41 /* Foundation.framework in Frameworks */,
			);
			runOnlyForDeploymentPostprocessing = 0;
		};
/* End PBXFrameworksBuildPhase section */

/* Begin PBXGroup section */
		57B2496E1844BCF600F88D41 = {
			isa = PBXGroup;
			children = (
				57B249821844BCF600F88D41 /* Thousand Words */,
				57B2499F1844BCF700F88D41 /* Thousand WordsTests */,
				57B249791844BCF600F88D41 /* Frameworks */,
				57B249781844BCF600F88D41 /* Products */,
			);
			sourceTree = "<group>";
		};
		57B249781844BCF600F88D41 /* Products */ = {
			isa = PBXGroup;
			children = (
				57B249771844BCF600F88D41 /* Thousand Words.app */,
				57B249971844BCF700F88D41 /* Thousand WordsTests.xctest */,
			);
			name = Products;
			sourceTree = "<group>";
		};
		57B249791844BCF600F88D41 /* Frameworks */ = {
			isa = PBXGroup;
			children = (
				57B2497A1844BCF600F88D41 /* Foundation.framework */,
				57B2497C1844BCF600F88D41 /* CoreGraphics.framework */,
				57B2497E1844BCF600F88D41 /* UIKit.framework */,
				57B249801844BCF600F88D41 /* CoreData.framework */,
				57B249981844BCF700F88D41 /* XCTest.framework */,
			);
			name = Frameworks;
			sourceTree = "<group>";
		};
		57B249821844BCF600F88D41 /* Thousand Words */ = {
			isa = PBXGroup;
			children = (
				57B249B4184763AF00F88D41 /* iPhoneStoryboard.storyboard */,
				57B249B61847647900F88D41 /* TWAlbumTableViewController.h */,
				57B249B71847647900F88D41 /* TWAlbumTableViewController.m */,
				57B249C01849552000F88D41 /* TWPhotosCollectionViewController.h */,
				57B249C11849552000F88D41 /* TWPhotosCollectionViewController.m */,
				57B249D7184A792F00F88D41 /* TWPhotoDetailViewController.h */,
				57B249D8184A792F00F88D41 /* TWPhotoDetailViewController.m */,
				57B249DA184AB23300F88D41 /* TWFiltersCollectionViewController.h */,
				57B249DB184AB23300F88D41 /* TWFiltersCollectionViewController.m */,
				57B249C3184959A900F88D41 /* TWPhotoCollectionViewCell.h */,
				57B249C4184959A900F88D41 /* TWPhotoCollectionViewCell.m */,
				57B249911844BCF600F88D41 /* Images.xcassets */,
				57B249BC1847698400F88D41 /* Core Data */,
				57B249831844BCF600F88D41 /* Supporting Files */,
			);
			path = "Thousand Words";
			sourceTree = "<group>";
		};
		57B249831844BCF600F88D41 /* Supporting Files */ = {
			isa = PBXGroup;
			children = (
				57B249C618495B7500F88D41 /* Astronaut.jpg */,
				57B2498B1844BCF600F88D41 /* TWAppDelegate.h */,
				57B2498C1844BCF600F88D41 /* TWAppDelegate.m */,
				57B249841844BCF600F88D41 /* Thousand Words-Info.plist */,
				57B249851844BCF600F88D41 /* InfoPlist.strings */,
				57B249881844BCF600F88D41 /* main.m */,
				57B2498A1844BCF600F88D41 /* Thousand Words-Prefix.pch */,
			);
			name = "Supporting Files";
			sourceTree = "<group>";
		};
		57B2499F1844BCF700F88D41 /* Thousand WordsTests */ = {
			isa = PBXGroup;
			children = (
				57B249A51844BCF700F88D41 /* Thousand_WordsTests.m */,
				57B249A01844BCF700F88D41 /* Supporting Files */,
			);
			path = "Thousand WordsTests";
			sourceTree = "<group>";
		};
		57B249A01844BCF700F88D41 /* Supporting Files */ = {
			isa = PBXGroup;
			children = (
				57B249A11844BCF700F88D41 /* Thousand WordsTests-Info.plist */,
				57B249A21844BCF700F88D41 /* InfoPlist.strings */,
			);
			name = "Supporting Files";
			sourceTree = "<group>";
		};
		57B249BC1847698400F88D41 /* Core Data */ = {
			isa = PBXGroup;
			children = (
				57B2498E1844BCF600F88D41 /* Thousand_Words.xcdatamodeld */,
				57B249CE184A147000F88D41 /* Album.h */,
				57B249CF184A147000F88D41 /* Album.m */,
				57B249D1184A147000F88D41 /* Photo.h */,
				57B249D2184A147000F88D41 /* Photo.m */,
				57B249D4184A163B00F88D41 /* TWPictureDataTransformer.h */,
				57B249D5184A163B00F88D41 /* TWPictureDataTransformer.m */,
				57B249BD18490A6200F88D41 /* TWCoreDataHelper.h */,
				57B249BE18490A6200F88D41 /* TWCoreDataHelper.m */,
			);
			name = "Core Data";
			sourceTree = "<group>";
		};
/* End PBXGroup section */

/* Begin PBXNativeTarget section */
		57B249761844BCF600F88D41 /* Thousand Words */ = {
			isa = PBXNativeTarget;
			buildConfigurationList = 57B249A91844BCF700F88D41 /* Build configuration list for PBXNativeTarget "Thousand Words" */;
			buildPhases = (
				57B249731844BCF600F88D41 /* Sources */,
				57B249741844BCF600F88D41 /* Frameworks */,
				57B249751844BCF600F88D41 /* Resources */,
			);
			buildRules = (
			);
			dependencies = (
			);
			name = "Thousand Words";
			productName = "Thousand Words";
			productReference = 57B249771844BCF600F88D41 /* Thousand Words.app */;
			productType = "com.apple.product-type.application";
		};
		57B249961844BCF700F88D41 /* Thousand WordsTests */ = {
			isa = PBXNativeTarget;
			buildConfigurationList = 57B249AC1844BCF700F88D41 /* Build configuration list for PBXNativeTarget "Thousand WordsTests" */;
			buildPhases = (
				57B249931844BCF700F88D41 /* Sources */,
				57B249941844BCF700F88D41 /* Frameworks */,
				57B249951844BCF700F88D41 /* Resources */,
			);
			buildRules = (
			);
			dependencies = (
				57B2499E1844BCF700F88D41 /* PBXTargetDependency */,
			);
			name = "Thousand WordsTests";
			productName = "Thousand WordsTests";
			productReference = 57B249971844BCF700F88D41 /* Thousand WordsTests.xctest */;
			productType = "com.apple.product-type.bundle.unit-test";
		};
/* End PBXNativeTarget section */

/* Begin PBXProject section */
		57B2496F1844BCF600F88D41 /* Project object */ = {
			isa = PBXProject;
			attributes = {
				CLASSPREFIX = TW;
				LastUpgradeCheck = 0500;
				ORGANIZATIONNAME = "Alex Paul";
				TargetAttributes = {
					57B249961844BCF700F88D41 = {
						TestTargetID = 57B249761844BCF600F88D41;
					};
				};
			};
			buildConfigurationList = 57B249721844BCF600F88D41 /* Build configuration list for PBXProject "Thousand Words" */;
			compatibilityVersion = "Xcode 3.2";
			developmentRegion = English;
			hasScannedForEncodings = 0;
			knownRegions = (
				en,
			);
			mainGroup = 57B2496E1844BCF600F88D41;
			productRefGroup = 57B249781844BCF600F88D41 /* Products */;
			projectDirPath = "";
			projectRoot = "";
			targets = (
				57B249761844BCF600F88D41 /* Thousand Words */,
				57B249961844BCF700F88D41 /* Thousand WordsTests */,
			);
		};
/* End PBXProject section */

/* Begin PBXResourcesBuildPhase section */
		57B249751844BCF600F88D41 /* Resources */ = {
			isa = PBXResourcesBuildPhase;
			buildActionMask = 2147483647;
			files = (
				57B249871844BCF600F88D41 /* InfoPlist.strings in Resources */,
				57B249C718495B7500F88D41 /* Astronaut.jpg in Resources */,
				57B249921844BCF600F88D41 /* Images.xcassets in Resources */,
				57B249B5184763AF00F88D41 /* iPhoneStoryboard.storyboard in Resources */,
			);
			runOnlyForDeploymentPostprocessing = 0;
		};
		57B249951844BCF700F88D41 /* Resources */ = {
			isa = PBXResourcesBuildPhase;
			buildActionMask = 2147483647;
			files = (
				57B249A41844BCF700F88D41 /* InfoPlist.strings in Resources */,
			);
			runOnlyForDeploymentPostprocessing = 0;
		};
/* End PBXResourcesBuildPhase section */

/* Begin PBXSourcesBuildPhase section */
		57B249731844BCF600F88D41 /* Sources */ = {
			isa = PBXSourcesBuildPhase;
			buildActionMask = 2147483647;
			files = (
				57B249891844BCF600F88D41 /* main.m in Sources */,
				57B249DC184AB23300F88D41 /* TWFiltersCollectionViewController.m in Sources */,
				57B249D6184A163B00F88D41 /* TWPictureDataTransformer.m in Sources */,
				57B249C21849552000F88D41 /* TWPhotosCollectionViewController.m in Sources */,
				57B249C5184959A900F88D41 /* TWPhotoCollectionViewCell.m in Sources */,
				57B249D3184A147000F88D41 /* Photo.m in Sources */,
				57B2498D1844BCF600F88D41 /* TWAppDelegate.m in Sources */,
				57B249B81847647900F88D41 /* TWAlbumTableViewController.m in Sources */,
				57B249D0184A147000F88D41 /* Album.m in Sources */,
				57B249D9184A792F00F88D41 /* TWPhotoDetailViewController.m in Sources */,
				57B249901844BCF600F88D41 /* Thousand_Words.xcdatamodeld in Sources */,
				57B249BF18490A6200F88D41 /* TWCoreDataHelper.m in Sources */,
			);
			runOnlyForDeploymentPostprocessing = 0;
		};
		57B249931844BCF700F88D41 /* Sources */ = {
			isa = PBXSourcesBuildPhase;
			buildActionMask = 2147483647;
			files = (
				57B249A61844BCF700F88D41 /* Thousand_WordsTests.m in Sources */,
			);
			runOnlyForDeploymentPostprocessing = 0;
		};
/* End PBXSourcesBuildPhase section */

/* Begin PBXTargetDependency section */
		57B2499E1844BCF700F88D41 /* PBXTargetDependency */ = {
			isa = PBXTargetDependency;
			target = 57B249761844BCF600F88D41 /* Thousand Words */;
			targetProxy = 57B2499D1844BCF700F88D41 /* PBXContainerItemProxy */;
		};
/* End PBXTargetDependency section */

/* Begin PBXVariantGroup section */
		57B249851844BCF600F88D41 /* InfoPlist.strings */ = {
			isa = PBXVariantGroup;
			children = (
				57B249861844BCF600F88D41 /* en */,
			);
			name = InfoPlist.strings;
			sourceTree = "<group>";
		};
		57B249A21844BCF700F88D41 /* InfoPlist.strings */ = {
			isa = PBXVariantGroup;
			children = (
				57B249A31844BCF700F88D41 /* en */,
			);
			name = InfoPlist.strings;
			sourceTree = "<group>";
		};
/* End PBXVariantGroup section */

/* Begin XCBuildConfiguration section */
		57B249A71844BCF700F88D41 /* Debug */ = {
			isa = XCBuildConfiguration;
			buildSettings = {
				ALWAYS_SEARCH_USER_PATHS = NO;
				ARCHS = "$(ARCHS_STANDARD_INCLUDING_64_BIT)";
				CLANG_CXX_LANGUAGE_STANDARD = "gnu++0x";
				CLANG_CXX_LIBRARY = "libc++";
				CLANG_ENABLE_MODULES = YES;
				CLANG_ENABLE_OBJC_ARC = YES;
				CLANG_WARN_BOOL_CONVERSION = YES;
				CLANG_WARN_CONSTANT_CONVERSION = YES;
				CLANG_WARN_DIRECT_OBJC_ISA_USAGE = YES_ERROR;
				CLANG_WARN_EMPTY_BODY = YES;
				CLANG_WARN_ENUM_CONVERSION = YES;
				CLANG_WARN_INT_CONVERSION = YES;
				CLANG_WARN_OBJC_ROOT_CLASS = YES_ERROR;
				CLANG_WARN__DUPLICATE_METHOD_MATCH = YES;
				"CODE_SIGN_IDENTITY[sdk=iphoneos*]" = "iPhone Developer";
				COPY_PHASE_STRIP = NO;
				GCC_C_LANGUAGE_STANDARD = gnu99;
				GCC_DYNAMIC_NO_PIC = NO;
				GCC_OPTIMIZATION_LEVEL = 0;
				GCC_PREPROCESSOR_DEFINITIONS = (
					"DEBUG=1",
					"$(inherited)",
				);
				GCC_SYMBOLS_PRIVATE_EXTERN = NO;
				GCC_WARN_64_TO_32_BIT_CONVERSION = YES;
				GCC_WARN_ABOUT_RETURN_TYPE = YES_ERROR;
				GCC_WARN_UNDECLARED_SELECTOR = YES;
				GCC_WARN_UNINITIALIZED_AUTOS = YES;
				GCC_WARN_UNUSED_FUNCTION = YES;
				GCC_WARN_UNUSED_VARIABLE = YES;
				IPHONEOS_DEPLOYMENT_TARGET = 7.0;
				ONLY_ACTIVE_ARCH = YES;
				SDKROOT = iphoneos;
			};
			name = Debug;
		};
		57B249A81844BCF700F88D41 /* Release */ = {
			isa = XCBuildConfiguration;
			buildSettings = {
				ALWAYS_SEARCH_USER_PATHS = NO;
				ARCHS = "$(ARCHS_STANDARD_INCLUDING_64_BIT)";
				CLANG_CXX_LANGUAGE_STANDARD = "gnu++0x";
				CLANG_CXX_LIBRARY = "libc++";
				CLANG_ENABLE_MODULES = YES;
				CLANG_ENABLE_OBJC_ARC = YES;
				CLANG_WARN_BOOL_CONVERSION = YES;
				CLANG_WARN_CONSTANT_CONVERSION = YES;
				CLANG_WARN_DIRECT_OBJC_ISA_USAGE = YES_ERROR;
				CLANG_WARN_EMPTY_BODY = YES;
				CLANG_WARN_ENUM_CONVERSION = YES;
				CLANG_WARN_INT_CONVERSION = YES;
				CLANG_WARN_OBJC_ROOT_CLASS = YES_ERROR;
				CLANG_WARN__DUPLICATE_METHOD_MATCH = YES;
				"CODE_SIGN_IDENTITY[sdk=iphoneos*]" = "iPhone Developer";
				COPY_PHASE_STRIP = YES;
				ENABLE_NS_ASSERTIONS = NO;
				GCC_C_LANGUAGE_STANDARD = gnu99;
				GCC_WARN_64_TO_32_BIT_CONVERSION = YES;
				GCC_WARN_ABOUT_RETURN_TYPE = YES_ERROR;
				GCC_WARN_UNDECLARED_SELECTOR = YES;
				GCC_WARN_UNINITIALIZED_AUTOS = YES;
				GCC_WARN_UNUSED_FUNCTION = YES;
				GCC_WARN_UNUSED_VARIABLE = YES;
				IPHONEOS_DEPLOYMENT_TARGET = 7.0;
				SDKROOT = iphoneos;
				VALIDATE_PRODUCT = YES;
			};
			name = Release;
		};
		57B249AA1844BCF700F88D41 /* Debug */ = {
			isa = XCBuildConfiguration;
			buildSettings = {
				ASSETCATALOG_COMPILER_APPICON_NAME = AppIcon;
				ASSETCATALOG_COMPILER_LAUNCHIMAGE_NAME = LaunchImage;
				GCC_PRECOMPILE_PREFIX_HEADER = YES;
				GCC_PREFIX_HEADER = "Thousand Words/Thousand Words-Prefix.pch";
				INFOPLIST_FILE = "Thousand Words/Thousand Words-Info.plist";
				PRODUCT_NAME = "$(TARGET_NAME)";
				TARGETED_DEVICE_FAMILY = 1;
				WRAPPER_EXTENSION = app;
			};
			name = Debug;
		};
		57B249AB1844BCF700F88D41 /* Release */ = {
			isa = XCBuildConfiguration;
			buildSettings = {
				ASSETCATALOG_COMPILER_APPICON_NAME = AppIcon;
				ASSETCATALOG_COMPILER_LAUNCHIMAGE_NAME = LaunchImage;
				GCC_PRECOMPILE_PREFIX_HEADER = YES;
				GCC_PREFIX_HEADER = "Thousand Words/Thousand Words-Prefix.pch";
				INFOPLIST_FILE = "Thousand Words/Thousand Words-Info.plist";
				PRODUCT_NAME = "$(TARGET_NAME)";
				TARGETED_DEVICE_FAMILY = 1;
				WRAPPER_EXTENSION = app;
			};
			name = Release;
		};
		57B249AD1844BCF700F88D41 /* Debug */ = {
			isa = XCBuildConfiguration;
			buildSettings = {
				ARCHS = "$(ARCHS_STANDARD_INCLUDING_64_BIT)";
				BUNDLE_LOADER = "$(BUILT_PRODUCTS_DIR)/Thousand Words.app/Thousand Words";
				FRAMEWORK_SEARCH_PATHS = (
					"$(SDKROOT)/Developer/Library/Frameworks",
					"$(inherited)",
					"$(DEVELOPER_FRAMEWORKS_DIR)",
				);
				GCC_PRECOMPILE_PREFIX_HEADER = YES;
				GCC_PREFIX_HEADER = "Thousand Words/Thousand Words-Prefix.pch";
				GCC_PREPROCESSOR_DEFINITIONS = (
					"DEBUG=1",
					"$(inherited)",
				);
				INFOPLIST_FILE = "Thousand WordsTests/Thousand WordsTests-Info.plist";
				PRODUCT_NAME = "$(TARGET_NAME)";
				TEST_HOST = "$(BUNDLE_LOADER)";
				WRAPPER_EXTENSION = xctest;
			};
			name = Debug;
		};
		57B249AE1844BCF700F88D41 /* Release */ = {
			isa = XCBuildConfiguration;
			buildSettings = {
				ARCHS = "$(ARCHS_STANDARD_INCLUDING_64_BIT)";
				BUNDLE_LOADER = "$(BUILT_PRODUCTS_DIR)/Thousand Words.app/Thousand Words";
				FRAMEWORK_SEARCH_PATHS = (
					"$(SDKROOT)/Developer/Library/Frameworks",
					"$(inherited)",
					"$(DEVELOPER_FRAMEWORKS_DIR)",
				);
				GCC_PRECOMPILE_PREFIX_HEADER = YES;
				GCC_PREFIX_HEADER = "Thousand Words/Thousand Words-Prefix.pch";
				INFOPLIST_FILE = "Thousand WordsTests/Thousand WordsTests-Info.plist";
				PRODUCT_NAME = "$(TARGET_NAME)";
				TEST_HOST = "$(BUNDLE_LOADER)";
				WRAPPER_EXTENSION = xctest;
			};
			name = Release;
		};
/* End XCBuildConfiguration section */

/* Begin XCConfigurationList section */
		57B249721844BCF600F88D41 /* Build configuration list for PBXProject "Thousand Words" */ = {
			isa = XCConfigurationList;
			buildConfigurations = (
				57B249A71844BCF700F88D41 /* Debug */,
				57B249A81844BCF700F88D41 /* Release */,
			);
			defaultConfigurationIsVisible = 0;
			defaultConfigurationName = Release;
		};
		57B249A91844BCF700F88D41 /* Build configuration list for PBXNativeTarget "Thousand Words" */ = {
			isa = XCConfigurationList;
			buildConfigurations = (
				57B249AA1844BCF700F88D41 /* Debug */,
				57B249AB1844BCF700F88D41 /* Release */,
			);
			defaultConfigurationIsVisible = 0;
		};
		57B249AC1844BCF700F88D41 /* Build configuration list for PBXNativeTarget "Thousand WordsTests" */ = {
			isa = XCConfigurationList;
			buildConfigurations = (
				57B249AD1844BCF700F88D41 /* Debug */,
				57B249AE1844BCF700F88D41 /* Release */,
			);
			defaultConfigurationIsVisible = 0;
		};
/* End XCConfigurationList section */

/* Begin XCVersionGroup section */
		57B2498E1844BCF600F88D41 /* Thousand_Words.xcdatamodeld */ = {
			isa = XCVersionGroup;
			children = (
				57B2498F1844BCF600F88D41 /* Thousand_Words.xcdatamodel */,
			);
			currentVersion = 57B2498F1844BCF600F88D41 /* Thousand_Words.xcdatamodel */;
			path = Thousand_Words.xcdatamodeld;
			sourceTree = "<group>";
			versionGroupType = wrapper.xcdatamodel;
		};
/* End XCVersionGroup section */
	};
	rootObject = 57B2496F1844BCF600F88D41 /* Project object */;
}
